
Microsoft Visual Studio Solution File, Format Version 12.00
# Visual Studio Version 17
VisualStudioVersion = 17.1.32407.343
MinimumVisualStudioVersion = 10.0.40219.1
Project("{9A19103F-16F7-4668-BE54-9A1E7A4F7556}") = "CommunicationServiceAbstraction", "CommunicationServiceAbstraction\CommunicationServiceAbstraction.csproj", "{88239FA9-7F91-4B78-8E47-18A505178C6B}"
EndProject
Project("{9A19103F-16F7-4668-BE54-9A1E7A4F7556}") = "CommunicationServiceApiFramework", "CommunicationServiceApiFramework\CommunicationServiceApiFramework.csproj", "{077411F7-88B9-4813-A590-71134B8D8004}"
EndProject
Project("{2150E333-8FDC-42A3-9474-1A3956D46DE8}") = "Sample", "Sample", "{97204B9F-1757-46CA-BB5F-B871D67B7B1D}"
EndProject
Project("{9A19103F-16F7-4668-BE54-9A1E7A4F7556}") = "Sample.Contracts", "Sample\Sample.Contracts\Sample.Contracts.csproj", "{5DF5C678-D8E0-4A8C-A5F0-45229F8DE7D6}"
EndProject
Project("{9A19103F-16F7-4668-BE54-9A1E7A4F7556}") = "Sample.Services", "Sample\Sample.Services\Sample.Services.csproj", "{DE26D8E5-E433-4DFC-9122-B5CB0E13C99A}"
EndProject
Project("{9A19103F-16F7-4668-BE54-9A1E7A4F7556}") = "SampleClientMicroService", "Sample\SampleClientMicroService\SampleClientMicroService.csproj", "{645A2C12-183E-430E-91FF-AA2759E15BAA}"
EndProject
Project("{9A19103F-16F7-4668-BE54-9A1E7A4F7556}") = "SampleHostMicroService", "Sample\SampleHostMicroService\SampleHostMicroService.csproj", "{F9E3D088-5989-4D21-86A1-171212821D75}"
EndProject
Project("{FAE04EC0-301F-11D3-BF4B-00C04F79EFBC}") = "SampleApiGateway", "Sample\SampleApiGateway\SampleApiGateway.csproj", "{EBE828B0-C63A-4666-8778-0C1A5DDC66DB}"
EndProject
Global
	GlobalSection(SolutionConfigurationPlatforms) = preSolution
		Debug|Any CPU = Debug|Any CPU
		Release|Any CPU = Release|Any CPU
	EndGlobalSection
	GlobalSection(ProjectConfigurationPlatforms) = postSolution
		{88239FA9-7F91-4B78-8E47-18A505178C6B}.Debug|Any CPU.ActiveCfg = Debug|Any CPU
		{88239FA9-7F91-4B78-8E47-18A505178C6B}.Debug|Any CPU.Build.0 = Debug|Any CPU
		{88239FA9-7F91-4B78-8E47-18A505178C6B}.Release|Any CPU.ActiveCfg = Release|Any CPU
		{88239FA9-7F91-4B78-8E47-18A505178C6B}.Release|Any CPU.Build.0 = Release|Any CPU
		{077411F7-88B9-4813-A590-71134B8D8004}.Debug|Any CPU.ActiveCfg = Debug|Any CPU
		{077411F7-88B9-4813-A590-71134B8D8004}.Debug|Any CPU.Build.0 = Debug|Any CPU
		{077411F7-88B9-4813-A590-71134B8D8004}.Release|Any CPU.ActiveCfg = Release|Any CPU
		{077411F7-88B9-4813-A590-71134B8D8004}.Release|Any CPU.Build.0 = Release|Any CPU
		{5DF5C678-D8E0-4A8C-A5F0-45229F8DE7D6}.Debug|Any CPU.ActiveCfg = Debug|Any CPU
		{5DF5C678-D8E0-4A8C-A5F0-45229F8DE7D6}.Debug|Any CPU.Build.0 = Debug|Any CPU
		{5DF5C678-D8E0-4A8C-A5F0-45229F8DE7D6}.Release|Any CPU.ActiveCfg = Release|Any CPU
		{5DF5C678-D8E0-4A8C-A5F0-45229F8DE7D6}.Release|Any CPU.Build.0 = Release|Any CPU
		{DE26D8E5-E433-4DFC-9122-B5CB0E13C99A}.Debug|Any CPU.ActiveCfg = Debug|Any CPU
		{DE26D8E5-E433-4DFC-9122-B5CB0E13C99A}.Debug|Any CPU.Build.0 = Debug|Any CPU
		{DE26D8E5-E433-4DFC-9122-B5CB0E13C99A}.Release|Any CPU.ActiveCfg = Release|Any CPU
		{DE26D8E5-E433-4DFC-9122-B5CB0E13C99A}.Release|Any CPU.Build.0 = Release|Any CPU
		{645A2C12-183E-430E-91FF-AA2759E15BAA}.Debug|Any CPU.ActiveCfg = Debug|Any CPU
		{645A2C12-183E-430E-91FF-AA2759E15BAA}.Debug|Any CPU.Build.0 = Debug|Any CPU
		{645A2C12-183E-430E-91FF-AA2759E15BAA}.Release|Any CPU.ActiveCfg = Release|Any CPU
		{645A2C12-183E-430E-91FF-AA2759E15BAA}.Release|Any CPU.Build.0 = Release|Any CPU
		{F9E3D088-5989-4D21-86A1-171212821D75}.Debug|Any CPU.ActiveCfg = Debug|Any CPU
		{F9E3D088-5989-4D21-86A1-171212821D75}.Debug|Any CPU.Build.0 = Debug|Any CPU
		{F9E3D088-5989-4D21-86A1-171212821D75}.Release|Any CPU.ActiveCfg = Release|Any CPU
		{F9E3D088-5989-4D21-86A1-171212821D75}.Release|Any CPU.Build.0 = Release|Any CPU
		{EBE828B0-C63A-4666-8778-0C1A5DDC66DB}.Debug|Any CPU.ActiveCfg = Debug|Any CPU
		{EBE828B0-C63A-4666-8778-0C1A5DDC66DB}.Debug|Any CPU.Build.0 = Debug|Any CPU
		{EBE828B0-C63A-4666-8778-0C1A5DDC66DB}.Release|Any CPU.ActiveCfg = Release|Any CPU
		{EBE828B0-C63A-4666-8778-0C1A5DDC66DB}.Release|Any CPU.Build.0 = Release|Any CPU
	EndGlobalSection
	GlobalSection(SolutionProperties) = preSolution
		HideSolutionNode = FALSE
	EndGlobalSection
	GlobalSection(NestedProjects) = preSolution
		{5DF5C678-D8E0-4A8C-A5F0-45229F8DE7D6} = {97204B9F-1757-46CA-BB5F-B871D67B7B1D}
		{DE26D8E5-E433-4DFC-9122-B5CB0E13C99A} = {97204B9F-1757-46CA-BB5F-B871D67B7B1D}
		{645A2C12-183E-430E-91FF-AA2759E15BAA} = {97204B9F-1757-46CA-BB5F-B871D67B7B1D}
		{F9E3D088-5989-4D21-86A1-171212821D75} = {97204B9F-1757-46CA-BB5F-B871D67B7B1D}
		{EBE828B0-C63A-4666-8778-0C1A5DDC66DB} = {97204B9F-1757-46CA-BB5F-B871D67B7B1D}
	EndGlobalSection
	GlobalSection(ExtensibilityGlobals) = postSolution
		SolutionGuid = {F17D9314-CAD9-40EF-9364-858E5B83D9C4}
	EndGlobalSection
EndGlobal
